
Microsoft Visual Studio Solution File, Format Version 12.00
# Visual Studio Version 17
VisualStudioVersion = 17.1.32414.318
MinimumVisualStudioVersion = 10.0.40219.1
Project("{FAE04EC0-301F-11D3-BF4B-00C04F79EFBC}") = "TheLoanProviders", "TheLoanProviders\TheLoanProviders.csproj", "{3F107A7A-D8B2-4344-8BFD-3E7A32933608}"
EndProject
Global
	GlobalSection(SolutionConfigurationPlatforms) = preSolution
		Debug|Any CPU = Debug|Any CPU
		Release|Any CPU = Release|Any CPU
	EndGlobalSection
	GlobalSection(ProjectConfigurationPlatforms) = postSolution
		{3F107A7A-D8B2-4344-8BFD-3E7A32933608}.Debug|Any CPU.ActiveCfg = Debug|Any CPU
		{3F107A7A-D8B2-4344-8BFD-3E7A32933608}.Debug|Any CPU.Build.0 = Debug|Any CPU
		{3F107A7A-D8B2-4344-8BFD-3E7A32933608}.Release|Any CPU.ActiveCfg = Release|Any CPU
		{3F107A7A-D8B2-4344-8BFD-3E7A32933608}.Release|Any CPU.Build.0 = Release|Any CPU
	EndGlobalSection
	GlobalSection(SolutionProperties) = preSolution
		HideSolutionNode = FALSE
	EndGlobalSection
	GlobalSection(ExtensibilityGlobals) = postSolution
		SolutionGuid = {00C4E3BE-28CA-4889-9B83-6DF02DEF6B44}
	EndGlobalSection
EndGlobal
